
Microsoft Visual Studio Solution File, Format Version 12.00
# Visual Studio 15
Project("{FAE04EC0-301F-11D3-BF4B-00C04F79EFBC}") = "UnityEngine.TestRunner", "UnityEngine.TestRunner.csproj", "{424287E7-98DB-D2B2-61ED-04E1C2115870}"
EndProject
Project("{FAE04EC0-301F-11D3-BF4B-00C04F79EFBC}") = "Unity.Mathematics", "Unity.Mathematics.csproj", "{BF4693A2-05E5-3123-7F25-0BAC4BFF8748}"
EndProject
Project("{FAE04EC0-301F-11D3-BF4B-00C04F79EFBC}") = "Unity.Timeline", "Unity.Timeline.csproj", "{A4EA4927-DC9F-BFF2-D2F7-84F0D56A9DF8}"
EndProject
Project("{FAE04EC0-301F-11D3-BF4B-00C04F79EFBC}") = "UnityEngine.UI", "UnityEngine.UI.csproj", "{D8EC1679-EF60-D332-7C2A-5D1ABBAF6A1E}"
EndProject
Project("{FAE04EC0-301F-11D3-BF4B-00C04F79EFBC}") = "Unity.TextMeshPro", "Unity.TextMeshPro.csproj", "{8C7ED4F4-0EE3-DC15-711E-DE4E050B04DA}"
EndProject
Project("{FAE04EC0-301F-11D3-BF4B-00C04F79EFBC}") = "Unity.2D.Animation.Runtime", "Unity.2D.Animation.Runtime.csproj", "{E26FDC49-B4B5-6B88-E824-4D9A116494A4}"
EndProject
Project("{FAE04EC0-301F-11D3-BF4B-00C04F79EFBC}") = "Assembly-CSharp", "Assembly-CSharp.csproj", "{35E37302-27D4-7DD6-F3B4-AF132E9A4301}"
EndProject
Project("{FAE04EC0-301F-11D3-BF4B-00C04F79EFBC}") = "Unity.2D.IK.Runtime", "Unity.2D.IK.Runtime.csproj", "{24074BC2-934E-BF2F-3BA6-A3F091139DB6}"
EndProject
Project("{FAE04EC0-301F-11D3-BF4B-00C04F79EFBC}") = "Unity.Notifications.Android", "Unity.Notifications.Android.csproj", "{3F571D45-D72A-F080-945A-E66703D94489}"
EndProject
Project("{FAE04EC0-301F-11D3-BF4B-00C04F79EFBC}") = "Unity.2D.SpriteShape.Runtime", "Unity.2D.SpriteShape.Runtime.csproj", "{15D29B86-852D-FF96-BB4D-638B1713FABE}"
EndProject
Project("{FAE04EC0-301F-11D3-BF4B-00C04F79EFBC}") = "Unity.Notifications.iOS", "Unity.Notifications.iOS.csproj", "{0AFD761F-267D-6C7B-2BB5-469B8BCDA7B7}"
EndProject
Project("{FAE04EC0-301F-11D3-BF4B-00C04F79EFBC}") = "Unity.2D.PixelPerfect", "Unity.2D.PixelPerfect.csproj", "{12A4A920-7F17-DC6C-D81D-ABC1DBEF6BF5}"
EndProject
Project("{FAE04EC0-301F-11D3-BF4B-00C04F79EFBC}") = "Unity.2D.Common.Runtime", "Unity.2D.Common.Runtime.csproj", "{5D7E5049-5AB0-EFFB-B24A-F535F6F0C1ED}"
EndProject
Project("{FAE04EC0-301F-11D3-BF4B-00C04F79EFBC}") = "Unity.InternalAPIEngineBridge.001", "Unity.InternalAPIEngineBridge.001.csproj", "{87C853E7-7E3F-58BF-5E4F-D3F5C560B053}"
EndProject
Project("{FAE04EC0-301F-11D3-BF4B-00C04F79EFBC}") = "UnityEditor.TestRunner", "UnityEditor.TestRunner.csproj", "{5048D0D0-3FCA-7BB2-FFDC-E6EC39369865}"
EndProject
Project("{FAE04EC0-301F-11D3-BF4B-00C04F79EFBC}") = "Unity.PlasticSCM.Editor", "Unity.PlasticSCM.Editor.csproj", "{31ECF6A7-3C58-4047-0CF6-76BEF14A3A73}"
EndProject
Project("{FAE04EC0-301F-11D3-BF4B-00C04F79EFBC}") = "Unity.2D.Animation.Triangle.Editor", "Unity.2D.Animation.Triangle.Editor.csproj", "{9F25ACA7-E52E-D343-CD61-6B89F28617FF}"
EndProject
Project("{FAE04EC0-301F-11D3-BF4B-00C04F79EFBC}") = "UnityEditor.UI", "UnityEditor.UI.csproj", "{80C3F134-6FB2-BC3E-F2EC-A91FD120B112}"
EndProject
Project("{FAE04EC0-301F-11D3-BF4B-00C04F79EFBC}") = "Unity.Services.Core.Editor", "Unity.Services.Core.Editor.csproj", "{BB1113D8-6E89-6AA4-E915-33800561BD8A}"
EndProject
Project("{FAE04EC0-301F-11D3-BF4B-00C04F79EFBC}") = "Unity.Timeline.Editor", "Unity.Timeline.Editor.csproj", "{082A4440-DC1E-25FB-3F45-8D392D3ED314}"
EndProject
Project("{FAE04EC0-301F-11D3-BF4B-00C04F79EFBC}") = "Unity.VisualStudio.Editor", "Unity.VisualStudio.Editor.csproj", "{6F2ECDCD-132F-E1FF-746A-2B02EA3A10C1}"
EndProject
Project("{FAE04EC0-301F-11D3-BF4B-00C04F79EFBC}") = "Unity.2D.Psdimporter.Editor", "Unity.2D.Psdimporter.Editor.csproj", "{D4A0C23A-3A85-6C50-9024-0572CBCA1910}"
EndProject
Project("{FAE04EC0-301F-11D3-BF4B-00C04F79EFBC}") = "Unity.2D.Animation.Editor", "Unity.2D.Animation.Editor.csproj", "{A6B8E2E5-549C-528B-49A3-5F3F2A05E245}"
EndProject
Project("{FAE04EC0-301F-11D3-BF4B-00C04F79EFBC}") = "Unity.TextMeshPro.Editor", "Unity.TextMeshPro.Editor.csproj", "{A854570A-ED94-68D9-113B-4ECBADB70E81}"
EndProject
Project("{FAE04EC0-301F-11D3-BF4B-00C04F79EFBC}") = "Unity.2D.SpriteShape.Editor", "Unity.2D.SpriteShape.Editor.csproj", "{BF6A4341-B0DA-D891-942A-5D0405274C15}"
EndProject
Project("{FAE04EC0-301F-11D3-BF4B-00C04F79EFBC}") = "Unity.CollabProxy.Editor", "Unity.CollabProxy.Editor.csproj", "{69525E07-C859-4D5D-CABF-21B29AFE1FF2}"
EndProject
Project("{FAE04EC0-301F-11D3-BF4B-00C04F79EFBC}") = "PsdPlugin", "PsdPlugin.csproj", "{8CE2ED83-9471-634F-6F26-D22BA90EC276}"
EndProject
Project("{FAE04EC0-301F-11D3-BF4B-00C04F79EFBC}") = "Unity.2D.Path.Editor", "Unity.2D.Path.Editor.csproj", "{94F03EF6-A1DA-CC22-2DB0-AFFCFA5D0D8B}"
EndProject
Project("{FAE04EC0-301F-11D3-BF4B-00C04F79EFBC}") = "Unity.Mobile.AndroidLogcat.Editor", "Unity.Mobile.AndroidLogcat.Editor.csproj", "{2F0EEC6D-A695-9D56-A0D2-740F329A9829}"
EndProject
Project("{FAE04EC0-301F-11D3-BF4B-00C04F79EFBC}") = "Unity.Rider.Editor", "Unity.Rider.Editor.csproj", "{48FA1BC1-FA94-1A4D-FE6C-324EC8C470F3}"
EndProject
Project("{FAE04EC0-301F-11D3-BF4B-00C04F79EFBC}") = "Unity.2D.IK.Editor", "Unity.2D.IK.Editor.csproj", "{12ABC844-9CF5-8E05-7B48-EBA68F587416}"
EndProject
Project("{FAE04EC0-301F-11D3-BF4B-00C04F79EFBC}") = "Unity.2D.Sprite.Editor", "Unity.2D.Sprite.Editor.csproj", "{03E5F26E-5ED0-C380-E883-DB14543787D4}"
EndProject
Project("{FAE04EC0-301F-11D3-BF4B-00C04F79EFBC}") = "Unity.2D.Tilemap.Editor", "Unity.2D.Tilemap.Editor.csproj", "{ADD8E6F2-99E1-BDD5-54E8-471969C7D944}"
EndProject
Project("{FAE04EC0-301F-11D3-BF4B-00C04F79EFBC}") = "Unity.2D.PixelPerfect.Editor", "Unity.2D.PixelPerfect.Editor.csproj", "{4C8C86E3-B62D-AF81-A878-3BC0730842D3}"
EndProject
Project("{FAE04EC0-301F-11D3-BF4B-00C04F79EFBC}") = "Unity.VSCode.Editor", "Unity.VSCode.Editor.csproj", "{9D03F3E3-0EEC-3139-64A3-892F7E66D853}"
EndProject
Project("{FAE04EC0-301F-11D3-BF4B-00C04F79EFBC}") = "Unity.Notifications", "Unity.Notifications.csproj", "{FD594A13-FC3F-C64C-5E44-778AF6B4CCA4}"
EndProject
Project("{FAE04EC0-301F-11D3-BF4B-00C04F79EFBC}") = "Unity.2D.Common.Editor", "Unity.2D.Common.Editor.csproj", "{34144C33-6B5B-3E4D-2265-5B4E2983AE28}"
EndProject
Project("{FAE04EC0-301F-11D3-BF4B-00C04F79EFBC}") = "Unity.Mathematics.Editor", "Unity.Mathematics.Editor.csproj", "{63E64BCF-5E1B-64E9-6960-939A7546F080}"
EndProject
Project("{FAE04EC0-301F-11D3-BF4B-00C04F79EFBC}") = "Unity.InternalAPIEditorBridge.001", "Unity.InternalAPIEditorBridge.001.csproj", "{5E57A43B-300F-EBC1-978C-559E1ABC44D7}"
EndProject
Global
	GlobalSection(SolutionConfigurationPlatforms) = preSolution
		Debug|Any CPU = Debug|Any CPU
		Release|Any CPU = Release|Any CPU
	EndGlobalSection
	GlobalSection(ProjectConfigurationPlatforms) = postSolution
		{424287E7-98DB-D2B2-61ED-04E1C2115870}.Debug|Any CPU.ActiveCfg = Debug|Any CPU
		{424287E7-98DB-D2B2-61ED-04E1C2115870}.Debug|Any CPU.Build.0 = Debug|Any CPU
		{424287E7-98DB-D2B2-61ED-04E1C2115870}.Release|Any CPU.ActiveCfg = Release|Any CPU
		{424287E7-98DB-D2B2-61ED-04E1C2115870}.Release|Any CPU.Build.0 = Release|Any CPU
		{BF4693A2-05E5-3123-7F25-0BAC4BFF8748}.Debug|Any CPU.ActiveCfg = Debug|Any CPU
		{BF4693A2-05E5-3123-7F25-0BAC4BFF8748}.Debug|Any CPU.Build.0 = Debug|Any CPU
		{BF4693A2-05E5-3123-7F25-0BAC4BFF8748}.Release|Any CPU.ActiveCfg = Release|Any CPU
		{BF4693A2-05E5-3123-7F25-0BAC4BFF8748}.Release|Any CPU.Build.0 = Release|Any CPU
		{A4EA4927-DC9F-BFF2-D2F7-84F0D56A9DF8}.Debug|Any CPU.ActiveCfg = Debug|Any CPU
		{A4EA4927-DC9F-BFF2-D2F7-84F0D56A9DF8}.Debug|Any CPU.Build.0 = Debug|Any CPU
		{A4EA4927-DC9F-BFF2-D2F7-84F0D56A9DF8}.Release|Any CPU.ActiveCfg = Release|Any CPU
		{A4EA4927-DC9F-BFF2-D2F7-84F0D56A9DF8}.Release|Any CPU.Build.0 = Release|Any CPU
		{D8EC1679-EF60-D332-7C2A-5D1ABBAF6A1E}.Debug|Any CPU.ActiveCfg = Debug|Any CPU
		{D8EC1679-EF60-D332-7C2A-5D1ABBAF6A1E}.Debug|Any CPU.Build.0 = Debug|Any CPU
		{D8EC1679-EF60-D332-7C2A-5D1ABBAF6A1E}.Release|Any CPU.ActiveCfg = Release|Any CPU
		{D8EC1679-EF60-D332-7C2A-5D1ABBAF6A1E}.Release|Any CPU.Build.0 = Release|Any CPU
		{8C7ED4F4-0EE3-DC15-711E-DE4E050B04DA}.Debug|Any CPU.ActiveCfg = Debug|Any CPU
		{8C7ED4F4-0EE3-DC15-711E-DE4E050B04DA}.Debug|Any CPU.Build.0 = Debug|Any CPU
		{8C7ED4F4-0EE3-DC15-711E-DE4E050B04DA}.Release|Any CPU.ActiveCfg = Release|Any CPU
		{8C7ED4F4-0EE3-DC15-711E-DE4E050B04DA}.Release|Any CPU.Build.0 = Release|Any CPU
		{E26FDC49-B4B5-6B88-E824-4D9A116494A4}.Debug|Any CPU.ActiveCfg = Debug|Any CPU
		{E26FDC49-B4B5-6B88-E824-4D9A116494A4}.Debug|Any CPU.Build.0 = Debug|Any CPU
		{E26FDC49-B4B5-6B88-E824-4D9A116494A4}.Release|Any CPU.ActiveCfg = Release|Any CPU
		{E26FDC49-B4B5-6B88-E824-4D9A116494A4}.Release|Any CPU.Build.0 = Release|Any CPU
		{35E37302-27D4-7DD6-F3B4-AF132E9A4301}.Debug|Any CPU.ActiveCfg = Debug|Any CPU
		{35E37302-27D4-7DD6-F3B4-AF132E9A4301}.Debug|Any CPU.Build.0 = Debug|Any CPU
		{35E37302-27D4-7DD6-F3B4-AF132E9A4301}.Release|Any CPU.ActiveCfg = Release|Any CPU
		{35E37302-27D4-7DD6-F3B4-AF132E9A4301}.Release|Any CPU.Build.0 = Release|Any CPU
		{24074BC2-934E-BF2F-3BA6-A3F091139DB6}.Debug|Any CPU.ActiveCfg = Debug|Any CPU
		{24074BC2-934E-BF2F-3BA6-A3F091139DB6}.Debug|Any CPU.Build.0 = Debug|Any CPU
		{24074BC2-934E-BF2F-3BA6-A3F091139DB6}.Release|Any CPU.ActiveCfg = Release|Any CPU
		{24074BC2-934E-BF2F-3BA6-A3F091139DB6}.Release|Any CPU.Build.0 = Release|Any CPU
		{3F571D45-D72A-F080-945A-E66703D94489}.Debug|Any CPU.ActiveCfg = Debug|Any CPU
		{3F571D45-D72A-F080-945A-E66703D94489}.Debug|Any CPU.Build.0 = Debug|Any CPU
		{3F571D45-D72A-F080-945A-E66703D94489}.Release|Any CPU.ActiveCfg = Release|Any CPU
		{3F571D45-D72A-F080-945A-E66703D94489}.Release|Any CPU.Build.0 = Release|Any CPU
		{15D29B86-852D-FF96-BB4D-638B1713FABE}.Debug|Any CPU.ActiveCfg = Debug|Any CPU
		{15D29B86-852D-FF96-BB4D-638B1713FABE}.Debug|Any CPU.Build.0 = Debug|Any CPU
		{15D29B86-852D-FF96-BB4D-638B1713FABE}.Release|Any CPU.ActiveCfg = Release|Any CPU
		{15D29B86-852D-FF96-BB4D-638B1713FABE}.Release|Any CPU.Build.0 = Release|Any CPU
		{0AFD761F-267D-6C7B-2BB5-469B8BCDA7B7}.Debug|Any CPU.ActiveCfg = Debug|Any CPU
		{0AFD761F-267D-6C7B-2BB5-469B8BCDA7B7}.Debug|Any CPU.Build.0 = Debug|Any CPU
		{0AFD761F-267D-6C7B-2BB5-469B8BCDA7B7}.Release|Any CPU.ActiveCfg = Release|Any CPU
		{0AFD761F-267D-6C7B-2BB5-469B8BCDA7B7}.Release|Any CPU.Build.0 = Release|Any CPU
		{12A4A920-7F17-DC6C-D81D-ABC1DBEF6BF5}.Debug|Any CPU.ActiveCfg = Debug|Any CPU
		{12A4A920-7F17-DC6C-D81D-ABC1DBEF6BF5}.Debug|Any CPU.Build.0 = Debug|Any CPU
		{12A4A920-7F17-DC6C-D81D-ABC1DBEF6BF5}.Release|Any CPU.ActiveCfg = Release|Any CPU
		{12A4A920-7F17-DC6C-D81D-ABC1DBEF6BF5}.Release|Any CPU.Build.0 = Release|Any CPU
		{5D7E5049-5AB0-EFFB-B24A-F535F6F0C1ED}.Debug|Any CPU.ActiveCfg = Debug|Any CPU
		{5D7E5049-5AB0-EFFB-B24A-F535F6F0C1ED}.Debug|Any CPU.Build.0 = Debug|Any CPU
		{5D7E5049-5AB0-EFFB-B24A-F535F6F0C1ED}.Release|Any CPU.ActiveCfg = Release|Any CPU
		{5D7E5049-5AB0-EFFB-B24A-F535F6F0C1ED}.Release|Any CPU.Build.0 = Release|Any CPU
		{87C853E7-7E3F-58BF-5E4F-D3F5C560B053}.Debug|Any CPU.ActiveCfg = Debug|Any CPU
		{87C853E7-7E3F-58BF-5E4F-D3F5C560B053}.Debug|Any CPU.Build.0 = Debug|Any CPU
		{87C853E7-7E3F-58BF-5E4F-D3F5C560B053}.Release|Any CPU.ActiveCfg = Release|Any CPU
		{87C853E7-7E3F-58BF-5E4F-D3F5C560B053}.Release|Any CPU.Build.0 = Release|Any CPU
		{5048D0D0-3FCA-7BB2-FFDC-E6EC39369865}.Debug|Any CPU.ActiveCfg = Debug|Any CPU
		{5048D0D0-3FCA-7BB2-FFDC-E6EC39369865}.Debug|Any CPU.Build.0 = Debug|Any CPU
		{5048D0D0-3FCA-7BB2-FFDC-E6EC39369865}.Release|Any CPU.ActiveCfg = Release|Any CPU
		{5048D0D0-3FCA-7BB2-FFDC-E6EC39369865}.Release|Any CPU.Build.0 = Release|Any CPU
		{31ECF6A7-3C58-4047-0CF6-76BEF14A3A73}.Debug|Any CPU.ActiveCfg = Debug|Any CPU
		{31ECF6A7-3C58-4047-0CF6-76BEF14A3A73}.Debug|Any CPU.Build.0 = Debug|Any CPU
		{31ECF6A7-3C58-4047-0CF6-76BEF14A3A73}.Release|Any CPU.ActiveCfg = Release|Any CPU
		{31ECF6A7-3C58-4047-0CF6-76BEF14A3A73}.Release|Any CPU.Build.0 = Release|Any CPU
		{9F25ACA7-E52E-D343-CD61-6B89F28617FF}.Debug|Any CPU.ActiveCfg = Debug|Any CPU
		{9F25ACA7-E52E-D343-CD61-6B89F28617FF}.Debug|Any CPU.Build.0 = Debug|Any CPU
		{9F25ACA7-E52E-D343-CD61-6B89F28617FF}.Release|Any CPU.ActiveCfg = Release|Any CPU
		{9F25ACA7-E52E-D343-CD61-6B89F28617FF}.Release|Any CPU.Build.0 = Release|Any CPU
		{80C3F134-6FB2-BC3E-F2EC-A91FD120B112}.Debug|Any CPU.ActiveCfg = Debug|Any CPU
		{80C3F134-6FB2-BC3E-F2EC-A91FD120B112}.Debug|Any CPU.Build.0 = Debug|Any CPU
		{80C3F134-6FB2-BC3E-F2EC-A91FD120B112}.Release|Any CPU.ActiveCfg = Release|Any CPU
		{80C3F134-6FB2-BC3E-F2EC-A91FD120B112}.Release|Any CPU.Build.0 = Release|Any CPU
		{BB1113D8-6E89-6AA4-E915-33800561BD8A}.Debug|Any CPU.ActiveCfg = Debug|Any CPU
		{BB1113D8-6E89-6AA4-E915-33800561BD8A}.Debug|Any CPU.Build.0 = Debug|Any CPU
		{BB1113D8-6E89-6AA4-E915-33800561BD8A}.Release|Any CPU.ActiveCfg = Release|Any CPU
		{BB1113D8-6E89-6AA4-E915-33800561BD8A}.Release|Any CPU.Build.0 = Release|Any CPU
		{082A4440-DC1E-25FB-3F45-8D392D3ED314}.Debug|Any CPU.ActiveCfg = Debug|Any CPU
		{082A4440-DC1E-25FB-3F45-8D392D3ED314}.Debug|Any CPU.Build.0 = Debug|Any CPU
		{082A4440-DC1E-25FB-3F45-8D392D3ED314}.Release|Any CPU.ActiveCfg = Release|Any CPU
		{082A4440-DC1E-25FB-3F45-8D392D3ED314}.Release|Any CPU.Build.0 = Release|Any CPU
		{6F2ECDCD-132F-E1FF-746A-2B02EA3A10C1}.Debug|Any CPU.ActiveCfg = Debug|Any CPU
		{6F2ECDCD-132F-E1FF-746A-2B02EA3A10C1}.Debug|Any CPU.Build.0 = Debug|Any CPU
		{6F2ECDCD-132F-E1FF-746A-2B02EA3A10C1}.Release|Any CPU.ActiveCfg = Release|Any CPU
		{6F2ECDCD-132F-E1FF-746A-2B02EA3A10C1}.Release|Any CPU.Build.0 = Release|Any CPU
		{D4A0C23A-3A85-6C50-9024-0572CBCA1910}.Debug|Any CPU.ActiveCfg = Debug|Any CPU
		{D4A0C23A-3A85-6C50-9024-0572CBCA1910}.Debug|Any CPU.Build.0 = Debug|Any CPU
		{D4A0C23A-3A85-6C50-9024-0572CBCA1910}.Release|Any CPU.ActiveCfg = Release|Any CPU
		{D4A0C23A-3A85-6C50-9024-0572CBCA1910}.Release|Any CPU.Build.0 = Release|Any CPU
		{A6B8E2E5-549C-528B-49A3-5F3F2A05E245}.Debug|Any CPU.ActiveCfg = Debug|Any CPU
		{A6B8E2E5-549C-528B-49A3-5F3F2A05E245}.Debug|Any CPU.Build.0 = Debug|Any CPU
		{A6B8E2E5-549C-528B-49A3-5F3F2A05E245}.Release|Any CPU.ActiveCfg = Release|Any CPU
		{A6B8E2E5-549C-528B-49A3-5F3F2A05E245}.Release|Any CPU.Build.0 = Release|Any CPU
		{A854570A-ED94-68D9-113B-4ECBADB70E81}.Debug|Any CPU.ActiveCfg = Debug|Any CPU
		{A854570A-ED94-68D9-113B-4ECBADB70E81}.Debug|Any CPU.Build.0 = Debug|Any CPU
		{A854570A-ED94-68D9-113B-4ECBADB70E81}.Release|Any CPU.ActiveCfg = Release|Any CPU
		{A854570A-ED94-68D9-113B-4ECBADB70E81}.Release|Any CPU.Build.0 = Release|Any CPU
		{BF6A4341-B0DA-D891-942A-5D0405274C15}.Debug|Any CPU.ActiveCfg = Debug|Any CPU
		{BF6A4341-B0DA-D891-942A-5D0405274C15}.Debug|Any CPU.Build.0 = Debug|Any CPU
		{BF6A4341-B0DA-D891-942A-5D0405274C15}.Release|Any CPU.ActiveCfg = Release|Any CPU
		{BF6A4341-B0DA-D891-942A-5D0405274C15}.Release|Any CPU.Build.0 = Release|Any CPU
		{69525E07-C859-4D5D-CABF-21B29AFE1FF2}.Debug|Any CPU.ActiveCfg = Debug|Any CPU
		{69525E07-C859-4D5D-CABF-21B29AFE1FF2}.Debug|Any CPU.Build.0 = Debug|Any CPU
		{69525E07-C859-4D5D-CABF-21B29AFE1FF2}.Release|Any CPU.ActiveCfg = Release|Any CPU
		{69525E07-C859-4D5D-CABF-21B29AFE1FF2}.Release|Any CPU.Build.0 = Release|Any CPU
		{8CE2ED83-9471-634F-6F26-D22BA90EC276}.Debug|Any CPU.ActiveCfg = Debug|Any CPU
		{8CE2ED83-9471-634F-6F26-D22BA90EC276}.Debug|Any CPU.Build.0 = Debug|Any CPU
		{8CE2ED83-9471-634F-6F26-D22BA90EC276}.Release|Any CPU.ActiveCfg = Release|Any CPU
		{8CE2ED83-9471-634F-6F26-D22BA90EC276}.Release|Any CPU.Build.0 = Release|Any CPU
		{94F03EF6-A1DA-CC22-2DB0-AFFCFA5D0D8B}.Debug|Any CPU.ActiveCfg = Debug|Any CPU
		{94F03EF6-A1DA-CC22-2DB0-AFFCFA5D0D8B}.Debug|Any CPU.Build.0 = Debug|Any CPU
		{94F03EF6-A1DA-CC22-2DB0-AFFCFA5D0D8B}.Release|Any CPU.ActiveCfg = Release|Any CPU
		{94F03EF6-A1DA-CC22-2DB0-AFFCFA5D0D8B}.Release|Any CPU.Build.0 = Release|Any CPU
		{2F0EEC6D-A695-9D56-A0D2-740F329A9829}.Debug|Any CPU.ActiveCfg = Debug|Any CPU
		{2F0EEC6D-A695-9D56-A0D2-740F329A9829}.Debug|Any CPU.Build.0 = Debug|Any CPU
		{2F0EEC6D-A695-9D56-A0D2-740F329A9829}.Release|Any CPU.ActiveCfg = Release|Any CPU
		{2F0EEC6D-A695-9D56-A0D2-740F329A9829}.Release|Any CPU.Build.0 = Release|Any CPU
		{48FA1BC1-FA94-1A4D-FE6C-324EC8C470F3}.Debug|Any CPU.ActiveCfg = Debug|Any CPU
		{48FA1BC1-FA94-1A4D-FE6C-324EC8C470F3}.Debug|Any CPU.Build.0 = Debug|Any CPU
		{48FA1BC1-FA94-1A4D-FE6C-324EC8C470F3}.Release|Any CPU.ActiveCfg = Release|Any CPU
		{48FA1BC1-FA94-1A4D-FE6C-324EC8C470F3}.Release|Any CPU.Build.0 = Release|Any CPU
		{12ABC844-9CF5-8E05-7B48-EBA68F587416}.Debug|Any CPU.ActiveCfg = Debug|Any CPU
		{12ABC844-9CF5-8E05-7B48-EBA68F587416}.Debug|Any CPU.Build.0 = Debug|Any CPU
		{12ABC844-9CF5-8E05-7B48-EBA68F587416}.Release|Any CPU.ActiveCfg = Release|Any CPU
		{12ABC844-9CF5-8E05-7B48-EBA68F587416}.Release|Any CPU.Build.0 = Release|Any CPU
		{03E5F26E-5ED0-C380-E883-DB14543787D4}.Debug|Any CPU.ActiveCfg = Debug|Any CPU
		{03E5F26E-5ED0-C380-E883-DB14543787D4}.Debug|Any CPU.Build.0 = Debug|Any CPU
		{03E5F26E-5ED0-C380-E883-DB14543787D4}.Release|Any CPU.ActiveCfg = Release|Any CPU
		{03E5F26E-5ED0-C380-E883-DB14543787D4}.Release|Any CPU.Build.0 = Release|Any CPU
		{ADD8E6F2-99E1-BDD5-54E8-471969C7D944}.Debug|Any CPU.ActiveCfg = Debug|Any CPU
		{ADD8E6F2-99E1-BDD5-54E8-471969C7D944}.Debug|Any CPU.Build.0 = Debug|Any CPU
		{ADD8E6F2-99E1-BDD5-54E8-471969C7D944}.Release|Any CPU.ActiveCfg = Release|Any CPU
		{ADD8E6F2-99E1-BDD5-54E8-471969C7D944}.Release|Any CPU.Build.0 = Release|Any CPU
		{4C8C86E3-B62D-AF81-A878-3BC0730842D3}.Debug|Any CPU.ActiveCfg = Debug|Any CPU
		{4C8C86E3-B62D-AF81-A878-3BC0730842D3}.Debug|Any CPU.Build.0 = Debug|Any CPU
		{4C8C86E3-B62D-AF81-A878-3BC0730842D3}.Release|Any CPU.ActiveCfg = Release|Any CPU
		{4C8C86E3-B62D-AF81-A878-3BC0730842D3}.Release|Any CPU.Build.0 = Release|Any CPU
		{9D03F3E3-0EEC-3139-64A3-892F7E66D853}.Debug|Any CPU.ActiveCfg = Debug|Any CPU
		{9D03F3E3-0EEC-3139-64A3-892F7E66D853}.Debug|Any CPU.Build.0 = Debug|Any CPU
		{9D03F3E3-0EEC-3139-64A3-892F7E66D853}.Release|Any CPU.ActiveCfg = Release|Any CPU
		{9D03F3E3-0EEC-3139-64A3-892F7E66D853}.Release|Any CPU.Build.0 = Release|Any CPU
		{FD594A13-FC3F-C64C-5E44-778AF6B4CCA4}.Debug|Any CPU.ActiveCfg = Debug|Any CPU
		{FD594A13-FC3F-C64C-5E44-778AF6B4CCA4}.Debug|Any CPU.Build.0 = Debug|Any CPU
		{FD594A13-FC3F-C64C-5E44-778AF6B4CCA4}.Release|Any CPU.ActiveCfg = Release|Any CPU
		{FD594A13-FC3F-C64C-5E44-778AF6B4CCA4}.Release|Any CPU.Build.0 = Release|Any CPU
		{34144C33-6B5B-3E4D-2265-5B4E2983AE28}.Debug|Any CPU.ActiveCfg = Debug|Any CPU
		{34144C33-6B5B-3E4D-2265-5B4E2983AE28}.Debug|Any CPU.Build.0 = Debug|Any CPU
		{34144C33-6B5B-3E4D-2265-5B4E2983AE28}.Release|Any CPU.ActiveCfg = Release|Any CPU
		{34144C33-6B5B-3E4D-2265-5B4E2983AE28}.Release|Any CPU.Build.0 = Release|Any CPU
		{63E64BCF-5E1B-64E9-6960-939A7546F080}.Debug|Any CPU.ActiveCfg = Debug|Any CPU
		{63E64BCF-5E1B-64E9-6960-939A7546F080}.Debug|Any CPU.Build.0 = Debug|Any CPU
		{63E64BCF-5E1B-64E9-6960-939A7546F080}.Release|Any CPU.ActiveCfg = Release|Any CPU
		{63E64BCF-5E1B-64E9-6960-939A7546F080}.Release|Any CPU.Build.0 = Release|Any CPU
		{5E57A43B-300F-EBC1-978C-559E1ABC44D7}.Debug|Any CPU.ActiveCfg = Debug|Any CPU
		{5E57A43B-300F-EBC1-978C-559E1ABC44D7}.Debug|Any CPU.Build.0 = Debug|Any CPU
		{5E57A43B-300F-EBC1-978C-559E1ABC44D7}.Release|Any CPU.ActiveCfg = Release|Any CPU
		{5E57A43B-300F-EBC1-978C-559E1ABC44D7}.Release|Any CPU.Build.0 = Release|Any CPU
	EndGlobalSection
	GlobalSection(SolutionProperties) = preSolution
		HideSolutionNode = FALSE
	EndGlobalSection
EndGlobal
